
Microsoft Visual Studio Solution File, Format Version 12.00
# Visual Studio Version 16
VisualStudioVersion = 16.0.31624.102
MinimumVisualStudioVersion = 10.0.40219.1
Project("{FAE04EC0-301F-11D3-BF4B-00C04F79EFBC}") = "CZ4031_Project1_test", "CZ4031_Project1\CZ4031_Project1_test.csproj", "{B7D573DA-35AB-4F6B-B4FF-D80A2C6BE465}"
EndProject
Global
	GlobalSection(SolutionConfigurationPlatforms) = preSolution
		Debug|Any CPU = Debug|Any CPU
		Release|Any CPU = Release|Any CPU
	EndGlobalSection
	GlobalSection(ProjectConfigurationPlatforms) = postSolution
		{B7D573DA-35AB-4F6B-B4FF-D80A2C6BE465}.Debug|Any CPU.ActiveCfg = Debug|Any CPU
		{B7D573DA-35AB-4F6B-B4FF-D80A2C6BE465}.Debug|Any CPU.Build.0 = Debug|Any CPU
		{B7D573DA-35AB-4F6B-B4FF-D80A2C6BE465}.Release|Any CPU.ActiveCfg = Release|Any CPU
		{B7D573DA-35AB-4F6B-B4FF-D80A2C6BE465}.Release|Any CPU.Build.0 = Release|Any CPU
	EndGlobalSection
	GlobalSection(SolutionProperties) = preSolution
		HideSolutionNode = FALSE
	EndGlobalSection
	GlobalSection(ExtensibilityGlobals) = postSolution
		SolutionGuid = {2B390F18-701F-4288-84D7-1DEC00CEB143}
	EndGlobalSection
EndGlobal
